
Microsoft Visual Studio Solution File, Format Version 12.00
# Visual Studio 2015
Project("{FAE04EC0-301F-11D3-BF4B-00C04F79EFBC}") = "Marchy.CSharp.Plugins", "Marchy.CSharp.Plugins.csproj", "{F2351C5D-09D5-B25E-26C5-89DFB3E20014}"
EndProject
Project("{FAE04EC0-301F-11D3-BF4B-00C04F79EFBC}") = "Marchy.CSharp", "Marchy.CSharp.csproj", "{F540024A-020D-7FB2-0008-B4E8B6817B9A}"
EndProject
Project("{FAE04EC0-301F-11D3-BF4B-00C04F79EFBC}") = "Marchy.CSharp.Editor", "Marchy.CSharp.Editor.csproj", "{67B3957A-AC82-86BF-749C-356B3B9D89D1}"
EndProject
Global
	GlobalSection(SolutionConfigurationPlatforms) = preSolution
		Debug|Any CPU = Debug|Any CPU
		Release|Any CPU = Release|Any CPU
	EndGlobalSection
	GlobalSection(ProjectConfigurationPlatforms) = postSolution
		{F2351C5D-09D5-B25E-26C5-89DFB3E20014}.Debug|Any CPU.ActiveCfg = Debug|Any CPU
		{F2351C5D-09D5-B25E-26C5-89DFB3E20014}.Debug|Any CPU.Build.0 = Debug|Any CPU
		{F2351C5D-09D5-B25E-26C5-89DFB3E20014}.Release|Any CPU.ActiveCfg = Release|Any CPU
		{F2351C5D-09D5-B25E-26C5-89DFB3E20014}.Release|Any CPU.Build.0 = Release|Any CPU
		{F540024A-020D-7FB2-0008-B4E8B6817B9A}.Debug|Any CPU.ActiveCfg = Debug|Any CPU
		{F540024A-020D-7FB2-0008-B4E8B6817B9A}.Debug|Any CPU.Build.0 = Debug|Any CPU
		{F540024A-020D-7FB2-0008-B4E8B6817B9A}.Release|Any CPU.ActiveCfg = Release|Any CPU
		{F540024A-020D-7FB2-0008-B4E8B6817B9A}.Release|Any CPU.Build.0 = Release|Any CPU
		{67B3957A-AC82-86BF-749C-356B3B9D89D1}.Debug|Any CPU.ActiveCfg = Debug|Any CPU
		{67B3957A-AC82-86BF-749C-356B3B9D89D1}.Debug|Any CPU.Build.0 = Debug|Any CPU
		{67B3957A-AC82-86BF-749C-356B3B9D89D1}.Release|Any CPU.ActiveCfg = Release|Any CPU
		{67B3957A-AC82-86BF-749C-356B3B9D89D1}.Release|Any CPU.Build.0 = Release|Any CPU
	EndGlobalSection
	GlobalSection(SolutionProperties) = preSolution
		HideSolutionNode = FALSE
	EndGlobalSection
EndGlobal
